
Microsoft Visual Studio Solution File, Format Version 12.00
# Visual Studio Version 16
VisualStudioVersion = 16.0.31005.135
MinimumVisualStudioVersion = 10.0.40219.1
Project("{FAE04EC0-301F-11D3-BF4B-00C04F79EFBC}") = "Exceptions-2", "Exceptions-2\Exceptions-2.csproj", "{F7A83C55-6212-4BD9-9391-BCE3D576004C}"
EndProject
Global
	GlobalSection(SolutionConfigurationPlatforms) = preSolution
		Debug|Any CPU = Debug|Any CPU
		Release|Any CPU = Release|Any CPU
	EndGlobalSection
	GlobalSection(ProjectConfigurationPlatforms) = postSolution
		{F7A83C55-6212-4BD9-9391-BCE3D576004C}.Debug|Any CPU.ActiveCfg = Debug|Any CPU
		{F7A83C55-6212-4BD9-9391-BCE3D576004C}.Debug|Any CPU.Build.0 = Debug|Any CPU
		{F7A83C55-6212-4BD9-9391-BCE3D576004C}.Release|Any CPU.ActiveCfg = Release|Any CPU
		{F7A83C55-6212-4BD9-9391-BCE3D576004C}.Release|Any CPU.Build.0 = Release|Any CPU
	EndGlobalSection
	GlobalSection(SolutionProperties) = preSolution
		HideSolutionNode = FALSE
	EndGlobalSection
	GlobalSection(ExtensibilityGlobals) = postSolution
		SolutionGuid = {08CB9BAE-FCC7-4388-8F28-BEADF42A5807}
	EndGlobalSection
EndGlobal
